
Microsoft Visual Studio Solution File, Format Version 12.00
# Visual Studio Version 17
VisualStudioVersion = 17.3.32825.248
MinimumVisualStudioVersion = 10.0.40219.1
Project("{9A19103F-16F7-4668-BE54-9A1E7A4F7556}") = "自动进入钉钉直播", "自动进入钉钉直播\自动进入钉钉直播.csproj", "{15AEB86D-A388-4A31-A6D9-2A326AD63F26}"
EndProject
Global
	GlobalSection(SolutionConfigurationPlatforms) = preSolution
		Debug|Any CPU = Debug|Any CPU
		Debug|ARM64 = Debug|ARM64
		Release|Any CPU = Release|Any CPU
		Release|ARM64 = Release|ARM64
	EndGlobalSection
	GlobalSection(ProjectConfigurationPlatforms) = postSolution
		{15AEB86D-A388-4A31-A6D9-2A326AD63F26}.Debug|Any CPU.ActiveCfg = Debug|Any CPU
		{15AEB86D-A388-4A31-A6D9-2A326AD63F26}.Debug|Any CPU.Build.0 = Debug|Any CPU
		{15AEB86D-A388-4A31-A6D9-2A326AD63F26}.Debug|ARM64.ActiveCfg = Debug|ARM64
		{15AEB86D-A388-4A31-A6D9-2A326AD63F26}.Debug|ARM64.Build.0 = Debug|ARM64
		{15AEB86D-A388-4A31-A6D9-2A326AD63F26}.Release|Any CPU.ActiveCfg = Release|Any CPU
		{15AEB86D-A388-4A31-A6D9-2A326AD63F26}.Release|Any CPU.Build.0 = Release|Any CPU
		{15AEB86D-A388-4A31-A6D9-2A326AD63F26}.Release|ARM64.ActiveCfg = Release|ARM64
		{15AEB86D-A388-4A31-A6D9-2A326AD63F26}.Release|ARM64.Build.0 = Release|ARM64
	EndGlobalSection
	GlobalSection(SolutionProperties) = preSolution
		HideSolutionNode = FALSE
	EndGlobalSection
	GlobalSection(ExtensibilityGlobals) = postSolution
		SolutionGuid = {4BFD0414-A3FC-457F-9DA0-74F9724C9FCE}
	EndGlobalSection
EndGlobal
