
Microsoft Visual Studio Solution File, Format Version 12.00
# Visual Studio Version 17
VisualStudioVersion = 17.2.32616.157
MinimumVisualStudioVersion = 10.0.40219.1
Project("{9A19103F-16F7-4668-BE54-9A1E7A4F7556}") = "Update_DirectDownload", "..\AutoUpdate\DownloadUpdate\Update_DirectDownload\Update_DirectDownload.csproj", "{7FB31C38-E477-493E-AC2E-CBF38027633B}"
EndProject
Project("{9A19103F-16F7-4668-BE54-9A1E7A4F7556}") = "Common", "..\AutoUpdate\Common\Common.csproj", "{13C0ACFF-BE3B-4212-98F4-EE6A7A3A5BDB}"
EndProject
Project("{9A19103F-16F7-4668-BE54-9A1E7A4F7556}") = "ScreenShot", "..\截图类库\截图\ScreenShot.csproj", "{FF00DC51-2725-4D7F-A084-2BDA023EA54F}"
EndProject
Project("{9A19103F-16F7-4668-BE54-9A1E7A4F7556}") = "鹰眼OCR", "鹰眼OCR\鹰眼OCR.csproj", "{4731E4E3-F493-4DE7-9AFC-2FA909E17D61}"
EndProject
Global
	GlobalSection(SolutionConfigurationPlatforms) = preSolution
		Debug|Any CPU = Debug|Any CPU
		Debug|ARM64 = Debug|ARM64
		Debug|x64 = Debug|x64
		Debug|x86 = Debug|x86
		Release|Any CPU = Release|Any CPU
		Release|ARM64 = Release|ARM64
		Release|x64 = Release|x64
		Release|x86 = Release|x86
	EndGlobalSection
	GlobalSection(ProjectConfigurationPlatforms) = postSolution
		{7FB31C38-E477-493E-AC2E-CBF38027633B}.Debug|Any CPU.ActiveCfg = Debug|Any CPU
		{7FB31C38-E477-493E-AC2E-CBF38027633B}.Debug|Any CPU.Build.0 = Debug|Any CPU
		{7FB31C38-E477-493E-AC2E-CBF38027633B}.Debug|ARM64.ActiveCfg = Debug|ARM64
		{7FB31C38-E477-493E-AC2E-CBF38027633B}.Debug|ARM64.Build.0 = Debug|ARM64
		{7FB31C38-E477-493E-AC2E-CBF38027633B}.Debug|x64.ActiveCfg = Debug|Any CPU
		{7FB31C38-E477-493E-AC2E-CBF38027633B}.Debug|x64.Build.0 = Debug|Any CPU
		{7FB31C38-E477-493E-AC2E-CBF38027633B}.Debug|x86.ActiveCfg = Debug|Any CPU
		{7FB31C38-E477-493E-AC2E-CBF38027633B}.Debug|x86.Build.0 = Debug|Any CPU
		{7FB31C38-E477-493E-AC2E-CBF38027633B}.Release|Any CPU.ActiveCfg = Release|Any CPU
		{7FB31C38-E477-493E-AC2E-CBF38027633B}.Release|Any CPU.Build.0 = Release|Any CPU
		{7FB31C38-E477-493E-AC2E-CBF38027633B}.Release|ARM64.ActiveCfg = Release|ARM64
		{7FB31C38-E477-493E-AC2E-CBF38027633B}.Release|ARM64.Build.0 = Release|ARM64
		{7FB31C38-E477-493E-AC2E-CBF38027633B}.Release|x64.ActiveCfg = Release|Any CPU
		{7FB31C38-E477-493E-AC2E-CBF38027633B}.Release|x64.Build.0 = Release|Any CPU
		{7FB31C38-E477-493E-AC2E-CBF38027633B}.Release|x86.ActiveCfg = Release|Any CPU
		{7FB31C38-E477-493E-AC2E-CBF38027633B}.Release|x86.Build.0 = Release|Any CPU
		{13C0ACFF-BE3B-4212-98F4-EE6A7A3A5BDB}.Debug|Any CPU.ActiveCfg = Debug|Any CPU
		{13C0ACFF-BE3B-4212-98F4-EE6A7A3A5BDB}.Debug|Any CPU.Build.0 = Debug|Any CPU
		{13C0ACFF-BE3B-4212-98F4-EE6A7A3A5BDB}.Debug|ARM64.ActiveCfg = Debug|ARM64
		{13C0ACFF-BE3B-4212-98F4-EE6A7A3A5BDB}.Debug|ARM64.Build.0 = Debug|ARM64
		{13C0ACFF-BE3B-4212-98F4-EE6A7A3A5BDB}.Debug|x64.ActiveCfg = Debug|Any CPU
		{13C0ACFF-BE3B-4212-98F4-EE6A7A3A5BDB}.Debug|x64.Build.0 = Debug|Any CPU
		{13C0ACFF-BE3B-4212-98F4-EE6A7A3A5BDB}.Debug|x86.ActiveCfg = Debug|Any CPU
		{13C0ACFF-BE3B-4212-98F4-EE6A7A3A5BDB}.Debug|x86.Build.0 = Debug|Any CPU
		{13C0ACFF-BE3B-4212-98F4-EE6A7A3A5BDB}.Release|Any CPU.ActiveCfg = Release|Any CPU
		{13C0ACFF-BE3B-4212-98F4-EE6A7A3A5BDB}.Release|Any CPU.Build.0 = Release|Any CPU
		{13C0ACFF-BE3B-4212-98F4-EE6A7A3A5BDB}.Release|ARM64.ActiveCfg = Release|ARM64
		{13C0ACFF-BE3B-4212-98F4-EE6A7A3A5BDB}.Release|ARM64.Build.0 = Release|ARM64
		{13C0ACFF-BE3B-4212-98F4-EE6A7A3A5BDB}.Release|x64.ActiveCfg = Release|Any CPU
		{13C0ACFF-BE3B-4212-98F4-EE6A7A3A5BDB}.Release|x64.Build.0 = Release|Any CPU
		{13C0ACFF-BE3B-4212-98F4-EE6A7A3A5BDB}.Release|x86.ActiveCfg = Release|Any CPU
		{13C0ACFF-BE3B-4212-98F4-EE6A7A3A5BDB}.Release|x86.Build.0 = Release|Any CPU
		{FF00DC51-2725-4D7F-A084-2BDA023EA54F}.Debug|Any CPU.ActiveCfg = Debug|Any CPU
		{FF00DC51-2725-4D7F-A084-2BDA023EA54F}.Debug|Any CPU.Build.0 = Debug|Any CPU
		{FF00DC51-2725-4D7F-A084-2BDA023EA54F}.Debug|ARM64.ActiveCfg = Debug|ARM64
		{FF00DC51-2725-4D7F-A084-2BDA023EA54F}.Debug|ARM64.Build.0 = Debug|ARM64
		{FF00DC51-2725-4D7F-A084-2BDA023EA54F}.Debug|x64.ActiveCfg = Debug|Any CPU
		{FF00DC51-2725-4D7F-A084-2BDA023EA54F}.Debug|x64.Build.0 = Debug|Any CPU
		{FF00DC51-2725-4D7F-A084-2BDA023EA54F}.Debug|x86.ActiveCfg = Debug|Any CPU
		{FF00DC51-2725-4D7F-A084-2BDA023EA54F}.Debug|x86.Build.0 = Debug|Any CPU
		{FF00DC51-2725-4D7F-A084-2BDA023EA54F}.Release|Any CPU.ActiveCfg = Release|Any CPU
		{FF00DC51-2725-4D7F-A084-2BDA023EA54F}.Release|Any CPU.Build.0 = Release|Any CPU
		{FF00DC51-2725-4D7F-A084-2BDA023EA54F}.Release|ARM64.ActiveCfg = Release|ARM64
		{FF00DC51-2725-4D7F-A084-2BDA023EA54F}.Release|ARM64.Build.0 = Release|ARM64
		{FF00DC51-2725-4D7F-A084-2BDA023EA54F}.Release|x64.ActiveCfg = Release|Any CPU
		{FF00DC51-2725-4D7F-A084-2BDA023EA54F}.Release|x64.Build.0 = Release|Any CPU
		{FF00DC51-2725-4D7F-A084-2BDA023EA54F}.Release|x86.ActiveCfg = Release|Any CPU
		{FF00DC51-2725-4D7F-A084-2BDA023EA54F}.Release|x86.Build.0 = Release|Any CPU
		{4731E4E3-F493-4DE7-9AFC-2FA909E17D61}.Debug|Any CPU.ActiveCfg = Debug|Any CPU
		{4731E4E3-F493-4DE7-9AFC-2FA909E17D61}.Debug|Any CPU.Build.0 = Debug|Any CPU
		{4731E4E3-F493-4DE7-9AFC-2FA909E17D61}.Debug|ARM64.ActiveCfg = Debug|Any CPU
		{4731E4E3-F493-4DE7-9AFC-2FA909E17D61}.Debug|ARM64.Build.0 = Debug|Any CPU
		{4731E4E3-F493-4DE7-9AFC-2FA909E17D61}.Debug|x64.ActiveCfg = Debug|Any CPU
		{4731E4E3-F493-4DE7-9AFC-2FA909E17D61}.Debug|x64.Build.0 = Debug|Any CPU
		{4731E4E3-F493-4DE7-9AFC-2FA909E17D61}.Debug|x86.ActiveCfg = Debug|Any CPU
		{4731E4E3-F493-4DE7-9AFC-2FA909E17D61}.Debug|x86.Build.0 = Debug|Any CPU
		{4731E4E3-F493-4DE7-9AFC-2FA909E17D61}.Release|Any CPU.ActiveCfg = Release|Any CPU
		{4731E4E3-F493-4DE7-9AFC-2FA909E17D61}.Release|Any CPU.Build.0 = Release|Any CPU
		{4731E4E3-F493-4DE7-9AFC-2FA909E17D61}.Release|ARM64.ActiveCfg = Release|Any CPU
		{4731E4E3-F493-4DE7-9AFC-2FA909E17D61}.Release|ARM64.Build.0 = Release|Any CPU
		{4731E4E3-F493-4DE7-9AFC-2FA909E17D61}.Release|x64.ActiveCfg = Release|Any CPU
		{4731E4E3-F493-4DE7-9AFC-2FA909E17D61}.Release|x64.Build.0 = Release|Any CPU
		{4731E4E3-F493-4DE7-9AFC-2FA909E17D61}.Release|x86.ActiveCfg = Release|Any CPU
		{4731E4E3-F493-4DE7-9AFC-2FA909E17D61}.Release|x86.Build.0 = Release|Any CPU
	EndGlobalSection
	GlobalSection(SolutionProperties) = preSolution
		HideSolutionNode = FALSE
	EndGlobalSection
	GlobalSection(ExtensibilityGlobals) = postSolution
		SolutionGuid = {1028F9F7-3B6C-4A6E-9091-9D9E9FB94876}
	EndGlobalSection
EndGlobal
