
Microsoft Visual Studio Solution File, Format Version 12.00
# Visual Studio Version 17
VisualStudioVersion = 17.5.33530.505
MinimumVisualStudioVersion = 10.0.40219.1
Project("{9A19103F-16F7-4668-BE54-9A1E7A4F7556}") = "天翼校园登录", "天翼校园登录\天翼校园登录.csproj", "{E030A696-85CF-4D34-AE50-C2410A029D48}"
EndProject
Project("{9A19103F-16F7-4668-BE54-9A1E7A4F7556}") = "TianyiNetworkLoginLibrary", "TianyiNetworkLoginLibrary\TianyiNetworkLoginLibrary.csproj", "{6C87F595-FE1F-42F4-BC19-A496FBB78036}"
EndProject
Global
	GlobalSection(SolutionConfigurationPlatforms) = preSolution
		Debug|Any CPU = Debug|Any CPU
		Release|Any CPU = Release|Any CPU
	EndGlobalSection
	GlobalSection(ProjectConfigurationPlatforms) = postSolution
		{E030A696-85CF-4D34-AE50-C2410A029D48}.Debug|Any CPU.ActiveCfg = Debug|Any CPU
		{E030A696-85CF-4D34-AE50-C2410A029D48}.Debug|Any CPU.Build.0 = Debug|Any CPU
		{E030A696-85CF-4D34-AE50-C2410A029D48}.Release|Any CPU.ActiveCfg = Release|Any CPU
		{E030A696-85CF-4D34-AE50-C2410A029D48}.Release|Any CPU.Build.0 = Release|Any CPU
		{6C87F595-FE1F-42F4-BC19-A496FBB78036}.Debug|Any CPU.ActiveCfg = Debug|Any CPU
		{6C87F595-FE1F-42F4-BC19-A496FBB78036}.Debug|Any CPU.Build.0 = Debug|Any CPU
		{6C87F595-FE1F-42F4-BC19-A496FBB78036}.Release|Any CPU.ActiveCfg = Release|Any CPU
		{6C87F595-FE1F-42F4-BC19-A496FBB78036}.Release|Any CPU.Build.0 = Release|Any CPU
	EndGlobalSection
	GlobalSection(SolutionProperties) = preSolution
		HideSolutionNode = FALSE
	EndGlobalSection
	GlobalSection(ExtensibilityGlobals) = postSolution
		SolutionGuid = {91A93785-4BEC-47C8-A507-E83E4FCA1034}
	EndGlobalSection
EndGlobal
