
Microsoft Visual Studio Solution File, Format Version 12.00
# Visual Studio Version 17
VisualStudioVersion = 17.0.32112.339
MinimumVisualStudioVersion = 10.0.40219.1
Project("{FAE04EC0-301F-11D3-BF4B-00C04F79EFBC}") = "Adb卸载软件", "卸载软件\Adb卸载软件.csproj", "{C834D60B-E928-4B30-A0F9-AA494E98292D}"
EndProject
Global
	GlobalSection(SolutionConfigurationPlatforms) = preSolution
		Debug|Any CPU = Debug|Any CPU
		Release|Any CPU = Release|Any CPU
	EndGlobalSection
	GlobalSection(ProjectConfigurationPlatforms) = postSolution
		{C834D60B-E928-4B30-A0F9-AA494E98292D}.Debug|Any CPU.ActiveCfg = Debug|Any CPU
		{C834D60B-E928-4B30-A0F9-AA494E98292D}.Debug|Any CPU.Build.0 = Debug|Any CPU
		{C834D60B-E928-4B30-A0F9-AA494E98292D}.Release|Any CPU.ActiveCfg = Release|Any CPU
		{C834D60B-E928-4B30-A0F9-AA494E98292D}.Release|Any CPU.Build.0 = Release|Any CPU
	EndGlobalSection
	GlobalSection(SolutionProperties) = preSolution
		HideSolutionNode = FALSE
	EndGlobalSection
	GlobalSection(ExtensibilityGlobals) = postSolution
		SolutionGuid = {62420E17-C0C8-4AD0-B7EA-5531A49B5EF4}
	EndGlobalSection
EndGlobal
