
Microsoft Visual Studio Solution File, Format Version 12.00
# Visual Studio Version 17
VisualStudioVersion = 17.2.32630.192
MinimumVisualStudioVersion = 10.0.40219.1
Project("{FAE04EC0-301F-11D3-BF4B-00C04F79EFBC}") = "PDF_Word操作", "PDF_Word操作\PDF_Word操作.csproj", "{E7B6C683-875B-4642-8BCF-250B8D90FA20}"
EndProject
Global
	GlobalSection(SolutionConfigurationPlatforms) = preSolution
		Debug|Any CPU = Debug|Any CPU
		Release|Any CPU = Release|Any CPU
	EndGlobalSection
	GlobalSection(ProjectConfigurationPlatforms) = postSolution
		{E7B6C683-875B-4642-8BCF-250B8D90FA20}.Debug|Any CPU.ActiveCfg = Debug|Any CPU
		{E7B6C683-875B-4642-8BCF-250B8D90FA20}.Debug|Any CPU.Build.0 = Debug|Any CPU
		{E7B6C683-875B-4642-8BCF-250B8D90FA20}.Release|Any CPU.ActiveCfg = Release|Any CPU
		{E7B6C683-875B-4642-8BCF-250B8D90FA20}.Release|Any CPU.Build.0 = Release|Any CPU
	EndGlobalSection
	GlobalSection(SolutionProperties) = preSolution
		HideSolutionNode = FALSE
	EndGlobalSection
	GlobalSection(ExtensibilityGlobals) = postSolution
		SolutionGuid = {D42C8B71-4A30-4958-9EB3-5173A289312D}
	EndGlobalSection
EndGlobal
